<?xml version="1.0" encoding="utf-8"?>
<Project ToolsVersion="16.0" xmlns="http://schemas.microsoft.com/developer/msbuild/2003">
  <ItemGroup>
    <CustomBuild Include="D:\vc\win_redis\redis-5.0.10\msvs\redis-plus-plus-master\CMakeFiles\a66f9c9c7c651e71714371e135323fa4\INSTALL_force.rule">
      <Filter>CMake Rules</Filter>
    </CustomBuild>
  </ItemGroup>
  <ItemGroup>
    <Filter Include="CMake Rules">
      <UniqueIdentifier>{1C75B503-4AED-3646-98E5-86E563F255BB}</UniqueIdentifier>
    </Filter>
  </ItemGroup>
</Project>
