
Microsoft Visual Studio Solution File, Format Version 12.00
# Visual Studio Version 16
VisualStudioVersion = 16.0.31205.134
MinimumVisualStudioVersion = 10.0.40219.1
Project("{8BC9CEB8-8B4A-11D0-8D11-00A0C91BC942}") = "LibraryLoaderConsole", "LibraryLoaderConsole\LibraryLoaderConsole.vcxproj", "{717595B5-B316-4EF3-83B9-EE22EE36C5AF}"
EndProject
Project("{8BC9CEB8-8B4A-11D0-8D11-00A0C91BC942}") = "EarRollingBaslerCamera", "..\EarRollingBaslerCamera\EarRollingBaslerCamera\EarRollingBaslerCamera.vcxproj", "{F4FBDCF2-4FDB-4BFA-AAE9-43556398B93A}"
EndProject
Project("{8BC9CEB8-8B4A-11D0-8D11-00A0C91BC942}") = "EarRollingHalcon", "..\EarRollingHalcon\EarRollingHalcon\EarRollingHalcon.vcxproj", "{EF3CC4A4-D1B5-4DEC-8F82-7E62443202B4}"
EndProject
Global
	GlobalSection(SolutionConfigurationPlatforms) = preSolution
		ConsoleInHome|x64 = ConsoleInHome|x64
		ConsoleInHome|x86 = ConsoleInHome|x86
		Debug|x64 = Debug|x64
		Debug|x86 = Debug|x86
		Release|x64 = Release|x64
		Release|x86 = Release|x86
	EndGlobalSection
	GlobalSection(ProjectConfigurationPlatforms) = postSolution
		{717595B5-B316-4EF3-83B9-EE22EE36C5AF}.ConsoleInHome|x64.ActiveCfg = ConsoleInHome|x64
		{717595B5-B316-4EF3-83B9-EE22EE36C5AF}.ConsoleInHome|x64.Build.0 = ConsoleInHome|x64
		{717595B5-B316-4EF3-83B9-EE22EE36C5AF}.ConsoleInHome|x86.ActiveCfg = ConsoleInHome|Win32
		{717595B5-B316-4EF3-83B9-EE22EE36C5AF}.ConsoleInHome|x86.Build.0 = ConsoleInHome|Win32
		{717595B5-B316-4EF3-83B9-EE22EE36C5AF}.Debug|x64.ActiveCfg = Debug|x64
		{717595B5-B316-4EF3-83B9-EE22EE36C5AF}.Debug|x64.Build.0 = Debug|x64
		{717595B5-B316-4EF3-83B9-EE22EE36C5AF}.Debug|x86.ActiveCfg = Debug|Win32
		{717595B5-B316-4EF3-83B9-EE22EE36C5AF}.Debug|x86.Build.0 = Debug|Win32
		{717595B5-B316-4EF3-83B9-EE22EE36C5AF}.Release|x64.ActiveCfg = Release|x64
		{717595B5-B316-4EF3-83B9-EE22EE36C5AF}.Release|x64.Build.0 = Release|x64
		{717595B5-B316-4EF3-83B9-EE22EE36C5AF}.Release|x86.ActiveCfg = Release|Win32
		{717595B5-B316-4EF3-83B9-EE22EE36C5AF}.Release|x86.Build.0 = Release|Win32
		{F4FBDCF2-4FDB-4BFA-AAE9-43556398B93A}.ConsoleInHome|x64.ActiveCfg = ConsoleInHome|x64
		{F4FBDCF2-4FDB-4BFA-AAE9-43556398B93A}.ConsoleInHome|x64.Build.0 = ConsoleInHome|x64
		{F4FBDCF2-4FDB-4BFA-AAE9-43556398B93A}.ConsoleInHome|x86.ActiveCfg = ConsoleInHome|Win32
		{F4FBDCF2-4FDB-4BFA-AAE9-43556398B93A}.ConsoleInHome|x86.Build.0 = ConsoleInHome|Win32
		{F4FBDCF2-4FDB-4BFA-AAE9-43556398B93A}.Debug|x64.ActiveCfg = Debug|x64
		{F4FBDCF2-4FDB-4BFA-AAE9-43556398B93A}.Debug|x64.Build.0 = Debug|x64
		{F4FBDCF2-4FDB-4BFA-AAE9-43556398B93A}.Debug|x86.ActiveCfg = Debug|Win32
		{F4FBDCF2-4FDB-4BFA-AAE9-43556398B93A}.Debug|x86.Build.0 = Debug|Win32
		{F4FBDCF2-4FDB-4BFA-AAE9-43556398B93A}.Release|x64.ActiveCfg = Release|x64
		{F4FBDCF2-4FDB-4BFA-AAE9-43556398B93A}.Release|x64.Build.0 = Release|x64
		{F4FBDCF2-4FDB-4BFA-AAE9-43556398B93A}.Release|x86.ActiveCfg = Release|Win32
		{F4FBDCF2-4FDB-4BFA-AAE9-43556398B93A}.Release|x86.Build.0 = Release|Win32
		{EF3CC4A4-D1B5-4DEC-8F82-7E62443202B4}.ConsoleInHome|x64.ActiveCfg = ConsoleInHome|x64
		{EF3CC4A4-D1B5-4DEC-8F82-7E62443202B4}.ConsoleInHome|x64.Build.0 = ConsoleInHome|x64
		{EF3CC4A4-D1B5-4DEC-8F82-7E62443202B4}.ConsoleInHome|x86.ActiveCfg = ConsoleInHome|Win32
		{EF3CC4A4-D1B5-4DEC-8F82-7E62443202B4}.ConsoleInHome|x86.Build.0 = ConsoleInHome|Win32
		{EF3CC4A4-D1B5-4DEC-8F82-7E62443202B4}.Debug|x64.ActiveCfg = Debug|x64
		{EF3CC4A4-D1B5-4DEC-8F82-7E62443202B4}.Debug|x64.Build.0 = Debug|x64
		{EF3CC4A4-D1B5-4DEC-8F82-7E62443202B4}.Debug|x86.ActiveCfg = Debug|Win32
		{EF3CC4A4-D1B5-4DEC-8F82-7E62443202B4}.Debug|x86.Build.0 = Debug|Win32
		{EF3CC4A4-D1B5-4DEC-8F82-7E62443202B4}.Release|x64.ActiveCfg = Release|x64
		{EF3CC4A4-D1B5-4DEC-8F82-7E62443202B4}.Release|x64.Build.0 = Release|x64
		{EF3CC4A4-D1B5-4DEC-8F82-7E62443202B4}.Release|x86.ActiveCfg = Release|Win32
		{EF3CC4A4-D1B5-4DEC-8F82-7E62443202B4}.Release|x86.Build.0 = Release|Win32
	EndGlobalSection
	GlobalSection(SolutionProperties) = preSolution
		HideSolutionNode = FALSE
	EndGlobalSection
	GlobalSection(ExtensibilityGlobals) = postSolution
		SolutionGuid = {CF3406C1-F415-45C8-8E65-5FEB2373268A}
	EndGlobalSection
EndGlobal
