
Microsoft Visual Studio Solution File, Format Version 12.00
# Visual Studio Version 16
VisualStudioVersion = 16.0.31205.134
MinimumVisualStudioVersion = 10.0.40219.1
Project("{8BC9CEB8-8B4A-11D0-8D11-00A0C91BC942}") = "LibraryLoaderConsole", "LibraryLoaderConsole\LibraryLoaderConsole.vcxproj", "{717595B5-B316-4EF3-83B9-EE22EE36C5AF}"
EndProject
Project("{8BC9CEB8-8B4A-11D0-8D11-00A0C91BC942}") = "EarRollingBaslerCamera", "..\EarRollingBaslerCamera\EarRollingBaslerCamera\EarRollingBaslerCamera.vcxproj", "{F4FBDCF2-4FDB-4BFA-AAE9-43556398B93A}"
EndProject
Project("{8BC9CEB8-8B4A-11D0-8D11-00A0C91BC942}") = "EarRollingHalcon", "..\EarRollingHalcon\EarRollingHalcon\EarRollingHalcon.vcxproj", "{EF3CC4A4-D1B5-4DEC-8F82-7E62443202B4}"
EndProject
Project("{8BC9CEB8-8B4A-11D0-8D11-00A0C91BC942}") = "VirtualCameraDevice", "..\VirtualCameraDevice\VirtualCameraDevice\VirtualCameraDevice.vcxproj", "{76C67BED-31CB-4636-9085-818DAB4DC2B4}"
EndProject
Project("{8BC9CEB8-8B4A-11D0-8D11-00A0C91BC942}") = "KLImageProcessing", "..\KLImageProcessing\KLImageProcessing\KLImageProcessing.vcxproj", "{4783BB83-8677-4C75-876A-D8DF057C7C97}"
EndProject
Project("{8BC9CEB8-8B4A-11D0-8D11-00A0C91BC942}") = "HikCameraDevice", "..\HikCameraDevice\HikCameraDevice\HikCameraDevice.vcxproj", "{62C0B750-8831-4285-AA35-FA6D5AF480A9}"
EndProject
Project("{8BC9CEB8-8B4A-11D0-8D11-00A0C91BC942}") = "XySizeMeasureHalcon", "..\XySizeMeasureHalcon\XySizeMeasureHalcon\XySizeMeasureHalcon.vcxproj", "{BD230808-8892-41E7-AEED-4BC25BE8FA55}"
EndProject
Project("{8BC9CEB8-8B4A-11D0-8D11-00A0C91BC942}") = "JmjCornerAlignmentHalcon", "..\JmjCornerAlignmentHalcon\JmjCornerAlignmentHalcon\JmjCornerAlignmentHalcon.vcxproj", "{2AE2E82A-B7B1-46D7-977C-8A2B4A4A26CF}"
EndProject
Project("{8BC9CEB8-8B4A-11D0-8D11-00A0C91BC942}") = "HslPlcFunc", "..\HslPlcFunc\HslPlcFunc.vcxproj", "{FAD365F8-5DBF-43D8-B470-F8FDF867E7EE}"
EndProject
Global
	GlobalSection(SolutionConfigurationPlatforms) = preSolution
		ConsoleInHome|x64 = ConsoleInHome|x64
		ConsoleInHome|x86 = ConsoleInHome|x86
		Debug|x64 = Debug|x64
		Debug|x86 = Debug|x86
		Release|x64 = Release|x64
		Release|x86 = Release|x86
	EndGlobalSection
	GlobalSection(ProjectConfigurationPlatforms) = postSolution
		{717595B5-B316-4EF3-83B9-EE22EE36C5AF}.ConsoleInHome|x64.ActiveCfg = ConsoleInHome|x64
		{717595B5-B316-4EF3-83B9-EE22EE36C5AF}.ConsoleInHome|x64.Build.0 = ConsoleInHome|x64
		{717595B5-B316-4EF3-83B9-EE22EE36C5AF}.ConsoleInHome|x86.ActiveCfg = ConsoleInHome|Win32
		{717595B5-B316-4EF3-83B9-EE22EE36C5AF}.ConsoleInHome|x86.Build.0 = ConsoleInHome|Win32
		{717595B5-B316-4EF3-83B9-EE22EE36C5AF}.Debug|x64.ActiveCfg = Debug|x64
		{717595B5-B316-4EF3-83B9-EE22EE36C5AF}.Debug|x64.Build.0 = Debug|x64
		{717595B5-B316-4EF3-83B9-EE22EE36C5AF}.Debug|x86.ActiveCfg = Debug|Win32
		{717595B5-B316-4EF3-83B9-EE22EE36C5AF}.Debug|x86.Build.0 = Debug|Win32
		{717595B5-B316-4EF3-83B9-EE22EE36C5AF}.Release|x64.ActiveCfg = Release|x64
		{717595B5-B316-4EF3-83B9-EE22EE36C5AF}.Release|x64.Build.0 = Release|x64
		{717595B5-B316-4EF3-83B9-EE22EE36C5AF}.Release|x86.ActiveCfg = Release|Win32
		{717595B5-B316-4EF3-83B9-EE22EE36C5AF}.Release|x86.Build.0 = Release|Win32
		{F4FBDCF2-4FDB-4BFA-AAE9-43556398B93A}.ConsoleInHome|x64.ActiveCfg = ConsoleInHome|x64
		{F4FBDCF2-4FDB-4BFA-AAE9-43556398B93A}.ConsoleInHome|x64.Build.0 = ConsoleInHome|x64
		{F4FBDCF2-4FDB-4BFA-AAE9-43556398B93A}.ConsoleInHome|x86.ActiveCfg = ConsoleInHome|Win32
		{F4FBDCF2-4FDB-4BFA-AAE9-43556398B93A}.ConsoleInHome|x86.Build.0 = ConsoleInHome|Win32
		{F4FBDCF2-4FDB-4BFA-AAE9-43556398B93A}.Debug|x64.ActiveCfg = Debug|x64
		{F4FBDCF2-4FDB-4BFA-AAE9-43556398B93A}.Debug|x64.Build.0 = Debug|x64
		{F4FBDCF2-4FDB-4BFA-AAE9-43556398B93A}.Debug|x86.ActiveCfg = Debug|Win32
		{F4FBDCF2-4FDB-4BFA-AAE9-43556398B93A}.Debug|x86.Build.0 = Debug|Win32
		{F4FBDCF2-4FDB-4BFA-AAE9-43556398B93A}.Release|x64.ActiveCfg = Debug|x64
		{F4FBDCF2-4FDB-4BFA-AAE9-43556398B93A}.Release|x64.Build.0 = Debug|x64
		{F4FBDCF2-4FDB-4BFA-AAE9-43556398B93A}.Release|x86.ActiveCfg = Release|Win32
		{F4FBDCF2-4FDB-4BFA-AAE9-43556398B93A}.Release|x86.Build.0 = Release|Win32
		{EF3CC4A4-D1B5-4DEC-8F82-7E62443202B4}.ConsoleInHome|x64.ActiveCfg = ConsoleInHome|x64
		{EF3CC4A4-D1B5-4DEC-8F82-7E62443202B4}.ConsoleInHome|x64.Build.0 = ConsoleInHome|x64
		{EF3CC4A4-D1B5-4DEC-8F82-7E62443202B4}.ConsoleInHome|x86.ActiveCfg = ConsoleInHome|Win32
		{EF3CC4A4-D1B5-4DEC-8F82-7E62443202B4}.ConsoleInHome|x86.Build.0 = ConsoleInHome|Win32
		{EF3CC4A4-D1B5-4DEC-8F82-7E62443202B4}.Debug|x64.ActiveCfg = Debug|x64
		{EF3CC4A4-D1B5-4DEC-8F82-7E62443202B4}.Debug|x64.Build.0 = Debug|x64
		{EF3CC4A4-D1B5-4DEC-8F82-7E62443202B4}.Debug|x86.ActiveCfg = Debug|Win32
		{EF3CC4A4-D1B5-4DEC-8F82-7E62443202B4}.Debug|x86.Build.0 = Debug|Win32
		{EF3CC4A4-D1B5-4DEC-8F82-7E62443202B4}.Release|x64.ActiveCfg = Debug|x64
		{EF3CC4A4-D1B5-4DEC-8F82-7E62443202B4}.Release|x64.Build.0 = Debug|x64
		{EF3CC4A4-D1B5-4DEC-8F82-7E62443202B4}.Release|x86.ActiveCfg = Release|Win32
		{EF3CC4A4-D1B5-4DEC-8F82-7E62443202B4}.Release|x86.Build.0 = Release|Win32
		{76C67BED-31CB-4636-9085-818DAB4DC2B4}.ConsoleInHome|x64.ActiveCfg = Debug|x64
		{76C67BED-31CB-4636-9085-818DAB4DC2B4}.ConsoleInHome|x64.Build.0 = Debug|x64
		{76C67BED-31CB-4636-9085-818DAB4DC2B4}.ConsoleInHome|x86.ActiveCfg = Debug|Win32
		{76C67BED-31CB-4636-9085-818DAB4DC2B4}.ConsoleInHome|x86.Build.0 = Debug|Win32
		{76C67BED-31CB-4636-9085-818DAB4DC2B4}.Debug|x64.ActiveCfg = Debug|x64
		{76C67BED-31CB-4636-9085-818DAB4DC2B4}.Debug|x64.Build.0 = Debug|x64
		{76C67BED-31CB-4636-9085-818DAB4DC2B4}.Debug|x86.ActiveCfg = Debug|Win32
		{76C67BED-31CB-4636-9085-818DAB4DC2B4}.Debug|x86.Build.0 = Debug|Win32
		{76C67BED-31CB-4636-9085-818DAB4DC2B4}.Release|x64.ActiveCfg = Debug|x64
		{76C67BED-31CB-4636-9085-818DAB4DC2B4}.Release|x64.Build.0 = Debug|x64
		{76C67BED-31CB-4636-9085-818DAB4DC2B4}.Release|x86.ActiveCfg = Release|Win32
		{76C67BED-31CB-4636-9085-818DAB4DC2B4}.Release|x86.Build.0 = Release|Win32
		{4783BB83-8677-4C75-876A-D8DF057C7C97}.ConsoleInHome|x64.ActiveCfg = Debug|x64
		{4783BB83-8677-4C75-876A-D8DF057C7C97}.ConsoleInHome|x64.Build.0 = Debug|x64
		{4783BB83-8677-4C75-876A-D8DF057C7C97}.ConsoleInHome|x86.ActiveCfg = Debug|Win32
		{4783BB83-8677-4C75-876A-D8DF057C7C97}.ConsoleInHome|x86.Build.0 = Debug|Win32
		{4783BB83-8677-4C75-876A-D8DF057C7C97}.Debug|x64.ActiveCfg = Debug|x64
		{4783BB83-8677-4C75-876A-D8DF057C7C97}.Debug|x64.Build.0 = Debug|x64
		{4783BB83-8677-4C75-876A-D8DF057C7C97}.Debug|x86.ActiveCfg = Debug|Win32
		{4783BB83-8677-4C75-876A-D8DF057C7C97}.Debug|x86.Build.0 = Debug|Win32
		{4783BB83-8677-4C75-876A-D8DF057C7C97}.Release|x64.ActiveCfg = Debug|x64
		{4783BB83-8677-4C75-876A-D8DF057C7C97}.Release|x64.Build.0 = Debug|x64
		{4783BB83-8677-4C75-876A-D8DF057C7C97}.Release|x86.ActiveCfg = Release|Win32
		{4783BB83-8677-4C75-876A-D8DF057C7C97}.Release|x86.Build.0 = Release|Win32
		{62C0B750-8831-4285-AA35-FA6D5AF480A9}.ConsoleInHome|x64.ActiveCfg = Debug|x64
		{62C0B750-8831-4285-AA35-FA6D5AF480A9}.ConsoleInHome|x64.Build.0 = Debug|x64
		{62C0B750-8831-4285-AA35-FA6D5AF480A9}.ConsoleInHome|x86.ActiveCfg = Debug|Win32
		{62C0B750-8831-4285-AA35-FA6D5AF480A9}.ConsoleInHome|x86.Build.0 = Debug|Win32
		{62C0B750-8831-4285-AA35-FA6D5AF480A9}.Debug|x64.ActiveCfg = Debug|x64
		{62C0B750-8831-4285-AA35-FA6D5AF480A9}.Debug|x64.Build.0 = Debug|x64
		{62C0B750-8831-4285-AA35-FA6D5AF480A9}.Debug|x86.ActiveCfg = Debug|Win32
		{62C0B750-8831-4285-AA35-FA6D5AF480A9}.Debug|x86.Build.0 = Debug|Win32
		{62C0B750-8831-4285-AA35-FA6D5AF480A9}.Release|x64.ActiveCfg = Release|x64
		{62C0B750-8831-4285-AA35-FA6D5AF480A9}.Release|x64.Build.0 = Release|x64
		{62C0B750-8831-4285-AA35-FA6D5AF480A9}.Release|x86.ActiveCfg = Release|Win32
		{62C0B750-8831-4285-AA35-FA6D5AF480A9}.Release|x86.Build.0 = Release|Win32
		{BD230808-8892-41E7-AEED-4BC25BE8FA55}.ConsoleInHome|x64.ActiveCfg = Debug|x64
		{BD230808-8892-41E7-AEED-4BC25BE8FA55}.ConsoleInHome|x64.Build.0 = Debug|x64
		{BD230808-8892-41E7-AEED-4BC25BE8FA55}.ConsoleInHome|x86.ActiveCfg = Debug|Win32
		{BD230808-8892-41E7-AEED-4BC25BE8FA55}.ConsoleInHome|x86.Build.0 = Debug|Win32
		{BD230808-8892-41E7-AEED-4BC25BE8FA55}.Debug|x64.ActiveCfg = Debug|x64
		{BD230808-8892-41E7-AEED-4BC25BE8FA55}.Debug|x64.Build.0 = Debug|x64
		{BD230808-8892-41E7-AEED-4BC25BE8FA55}.Debug|x86.ActiveCfg = Debug|Win32
		{BD230808-8892-41E7-AEED-4BC25BE8FA55}.Debug|x86.Build.0 = Debug|Win32
		{BD230808-8892-41E7-AEED-4BC25BE8FA55}.Release|x64.ActiveCfg = Release|x64
		{BD230808-8892-41E7-AEED-4BC25BE8FA55}.Release|x64.Build.0 = Release|x64
		{BD230808-8892-41E7-AEED-4BC25BE8FA55}.Release|x86.ActiveCfg = Release|Win32
		{BD230808-8892-41E7-AEED-4BC25BE8FA55}.Release|x86.Build.0 = Release|Win32
		{2AE2E82A-B7B1-46D7-977C-8A2B4A4A26CF}.ConsoleInHome|x64.ActiveCfg = Debug|x64
		{2AE2E82A-B7B1-46D7-977C-8A2B4A4A26CF}.ConsoleInHome|x64.Build.0 = Debug|x64
		{2AE2E82A-B7B1-46D7-977C-8A2B4A4A26CF}.ConsoleInHome|x86.ActiveCfg = Debug|Win32
		{2AE2E82A-B7B1-46D7-977C-8A2B4A4A26CF}.ConsoleInHome|x86.Build.0 = Debug|Win32
		{2AE2E82A-B7B1-46D7-977C-8A2B4A4A26CF}.Debug|x64.ActiveCfg = Debug|x64
		{2AE2E82A-B7B1-46D7-977C-8A2B4A4A26CF}.Debug|x64.Build.0 = Debug|x64
		{2AE2E82A-B7B1-46D7-977C-8A2B4A4A26CF}.Debug|x86.ActiveCfg = Debug|Win32
		{2AE2E82A-B7B1-46D7-977C-8A2B4A4A26CF}.Debug|x86.Build.0 = Debug|Win32
		{2AE2E82A-B7B1-46D7-977C-8A2B4A4A26CF}.Release|x64.ActiveCfg = Debug|x64
		{2AE2E82A-B7B1-46D7-977C-8A2B4A4A26CF}.Release|x64.Build.0 = Debug|x64
		{2AE2E82A-B7B1-46D7-977C-8A2B4A4A26CF}.Release|x86.ActiveCfg = Release|Win32
		{2AE2E82A-B7B1-46D7-977C-8A2B4A4A26CF}.Release|x86.Build.0 = Release|Win32
		{FAD365F8-5DBF-43D8-B470-F8FDF867E7EE}.ConsoleInHome|x64.ActiveCfg = Debug|x64
		{FAD365F8-5DBF-43D8-B470-F8FDF867E7EE}.ConsoleInHome|x64.Build.0 = Debug|x64
		{FAD365F8-5DBF-43D8-B470-F8FDF867E7EE}.ConsoleInHome|x86.ActiveCfg = Debug|Win32
		{FAD365F8-5DBF-43D8-B470-F8FDF867E7EE}.ConsoleInHome|x86.Build.0 = Debug|Win32
		{FAD365F8-5DBF-43D8-B470-F8FDF867E7EE}.Debug|x64.ActiveCfg = Debug|x64
		{FAD365F8-5DBF-43D8-B470-F8FDF867E7EE}.Debug|x64.Build.0 = Debug|x64
		{FAD365F8-5DBF-43D8-B470-F8FDF867E7EE}.Debug|x86.ActiveCfg = Debug|Win32
		{FAD365F8-5DBF-43D8-B470-F8FDF867E7EE}.Debug|x86.Build.0 = Debug|Win32
		{FAD365F8-5DBF-43D8-B470-F8FDF867E7EE}.Release|x64.ActiveCfg = Debug|x64
		{FAD365F8-5DBF-43D8-B470-F8FDF867E7EE}.Release|x64.Build.0 = Debug|x64
		{FAD365F8-5DBF-43D8-B470-F8FDF867E7EE}.Release|x86.ActiveCfg = Release|Win32
		{FAD365F8-5DBF-43D8-B470-F8FDF867E7EE}.Release|x86.Build.0 = Release|Win32
	EndGlobalSection
	GlobalSection(SolutionProperties) = preSolution
		HideSolutionNode = FALSE
	EndGlobalSection
	GlobalSection(ExtensibilityGlobals) = postSolution
		SolutionGuid = {CF3406C1-F415-45C8-8E65-5FEB2373268A}
	EndGlobalSection
EndGlobal
